
Microsoft Visual Studio Solution File, Format Version 12.00
# Visual Studio Version 17
VisualStudioVersion = 17.4.33403.182
MinimumVisualStudioVersion = 10.0.40219.1
Project("{FAE04EC0-301F-11D3-BF4B-00C04F79EFBC}") = "ANTBLAZOR_DATAGRID.Server", "ANTBLAZOR_DATAGRID\Server\ANTBLAZOR_DATAGRID.Server.csproj", "{83004008-1043-4643-9D61-FF1A449D5FEE}"
EndProject
Project("{FAE04EC0-301F-11D3-BF4B-00C04F79EFBC}") = "ANTBLAZOR_DATAGRID.Client", "ANTBLAZOR_DATAGRID\Client\ANTBLAZOR_DATAGRID.Client.csproj", "{65B3CFA2-E935-450E-8DF7-BDA479FD3020}"
EndProject
Project("{FAE04EC0-301F-11D3-BF4B-00C04F79EFBC}") = "ANTBLAZOR_DATAGRID.Shared", "ANTBLAZOR_DATAGRID\Shared\ANTBLAZOR_DATAGRID.Shared.csproj", "{4FFA9F05-3E65-412E-8311-4825B94C6CD6}"
EndProject
Global
	GlobalSection(SolutionConfigurationPlatforms) = preSolution
		Debug|Any CPU = Debug|Any CPU
		Release|Any CPU = Release|Any CPU
	EndGlobalSection
	GlobalSection(ProjectConfigurationPlatforms) = postSolution
		{83004008-1043-4643-9D61-FF1A449D5FEE}.Debug|Any CPU.ActiveCfg = Debug|Any CPU
		{83004008-1043-4643-9D61-FF1A449D5FEE}.Debug|Any CPU.Build.0 = Debug|Any CPU
		{83004008-1043-4643-9D61-FF1A449D5FEE}.Release|Any CPU.ActiveCfg = Release|Any CPU
		{83004008-1043-4643-9D61-FF1A449D5FEE}.Release|Any CPU.Build.0 = Release|Any CPU
		{65B3CFA2-E935-450E-8DF7-BDA479FD3020}.Debug|Any CPU.ActiveCfg = Debug|Any CPU
		{65B3CFA2-E935-450E-8DF7-BDA479FD3020}.Debug|Any CPU.Build.0 = Debug|Any CPU
		{65B3CFA2-E935-450E-8DF7-BDA479FD3020}.Release|Any CPU.ActiveCfg = Release|Any CPU
		{65B3CFA2-E935-450E-8DF7-BDA479FD3020}.Release|Any CPU.Build.0 = Release|Any CPU
		{4FFA9F05-3E65-412E-8311-4825B94C6CD6}.Debug|Any CPU.ActiveCfg = Debug|Any CPU
		{4FFA9F05-3E65-412E-8311-4825B94C6CD6}.Debug|Any CPU.Build.0 = Debug|Any CPU
		{4FFA9F05-3E65-412E-8311-4825B94C6CD6}.Release|Any CPU.ActiveCfg = Release|Any CPU
		{4FFA9F05-3E65-412E-8311-4825B94C6CD6}.Release|Any CPU.Build.0 = Release|Any CPU
	EndGlobalSection
	GlobalSection(SolutionProperties) = preSolution
		HideSolutionNode = FALSE
	EndGlobalSection
	GlobalSection(ExtensibilityGlobals) = postSolution
		SolutionGuid = {E47EA84D-077E-4170-90E0-070F67301DC2}
	EndGlobalSection
EndGlobal
